# This file was autogenerated by Stack.
# You should not edit this file by hand.
# For more information, please see the documentation at:
#   https://docs.haskellstack.org/en/stable/lock_files

packages: []
snapshots:
- completed:
    sha256: 66b65f683de06ee98d3cb2d261e111ff3e1e6be92ca396c8c3dc21464d8d95ca
    size: 695329
    url: https://raw.githubusercontent.com/commercialhaskell/stackage-snapshots/master/nightly/2023/10/20.yaml
  original: nightly-2023-10-20
